
Microsoft Visual Studio Solution File, Format Version 12.00
# Visual Studio Version 16
VisualStudioVersion = 16.0.30804.86
MinimumVisualStudioVersion = 10.0.40219.1
Project("{FAE04EC0-301F-11D3-BF4B-00C04F79EFBC}") = "WebApp", "WebApp\WebApp.csproj", "{78AAC70F-7364-4D0C-8512-32F0A89DF2A0}"
EndProject
Project("{FAE04EC0-301F-11D3-BF4B-00C04F79EFBC}") = "ChinookSystem", "ChinookSystem\ChinookSystem.csproj", "{1B16D36C-AFA9-48CA-B49C-E883E3BCDA05}"
EndProject
Global
	GlobalSection(SolutionConfigurationPlatforms) = preSolution
		Debug|Any CPU = Debug|Any CPU
		Release|Any CPU = Release|Any CPU
	EndGlobalSection
	GlobalSection(ProjectConfigurationPlatforms) = postSolution
		{78AAC70F-7364-4D0C-8512-32F0A89DF2A0}.Debug|Any CPU.ActiveCfg = Debug|Any CPU
		{78AAC70F-7364-4D0C-8512-32F0A89DF2A0}.Debug|Any CPU.Build.0 = Debug|Any CPU
		{78AAC70F-7364-4D0C-8512-32F0A89DF2A0}.Release|Any CPU.ActiveCfg = Release|Any CPU
		{78AAC70F-7364-4D0C-8512-32F0A89DF2A0}.Release|Any CPU.Build.0 = Release|Any CPU
		{1B16D36C-AFA9-48CA-B49C-E883E3BCDA05}.Debug|Any CPU.ActiveCfg = Debug|Any CPU
		{1B16D36C-AFA9-48CA-B49C-E883E3BCDA05}.Debug|Any CPU.Build.0 = Debug|Any CPU
		{1B16D36C-AFA9-48CA-B49C-E883E3BCDA05}.Release|Any CPU.ActiveCfg = Release|Any CPU
		{1B16D36C-AFA9-48CA-B49C-E883E3BCDA05}.Release|Any CPU.Build.0 = Release|Any CPU
	EndGlobalSection
	GlobalSection(SolutionProperties) = preSolution
		HideSolutionNode = FALSE
	EndGlobalSection
	GlobalSection(ExtensibilityGlobals) = postSolution
		SolutionGuid = {20CABE5C-8E68-4C60-9791-21A37AC17427}
	EndGlobalSection
EndGlobal
